# This file is automatically @generated by Cargo.
# It is not intended for manual editing.
version = 4

[[package]]
name = "playdate-font-converter"
version = "0.1.0"
dependencies = [
 "sdl3-image-sys",
 "sdl3-sys",
 "sdl3-ttf-sys",
]

[[package]]
name = "sdl3-image-sys"
version = "0.2.0+SDL3-image-3.2.4"
source = "registry+https://github.com/rust-lang/crates.io-index"
checksum = "1d92bd93ce75ca9b027474f90c788daf3b5ced8410ee3c1dcb478a10030bf162"
dependencies = [
 "sdl3-sys",
]

[[package]]
name = "sdl3-sys"
version = "0.5.11+SDL3-3.2.28"
source = "registry+https://github.com/rust-lang/crates.io-index"
checksum = "73979b5f78819ede7fb6b7534161fe70f3d7a56cc09e7e29c7b58c2b525abfa6"

[[package]]
name = "sdl3-ttf-sys"
version = "0.2.0+SDL3-ttf-3.2.2"
source = "registry+https://github.com/rust-lang/crates.io-index"
checksum = "1d1d8477496fa2b081fb8f63cf8d0a9a9ba6a7a8f2a21b87e7d13d2ab6d73582"
dependencies = [
 "sdl3-sys",
]
